{
  "name": "crud-mysql",
  "version": "1.0.0",
  "lockfileVersion": 2,
  "requires": true,
  "packages": {
    "": {
      "name": "crud-mysql",
      "version": "1.0.0",
      "license": "ISC",
      "dependencies": {
        "body-parser": "^1.17.2",
        "bootstrap": "^5.2.2",
        "cookie-parser": "^1.4.3",
        "ejs": "^2.5.6",
        "express": "^4.15.3",
        "express-flash": "0.0.2",
        "express-myconnection": "^1.0.4",
        "express-session": "^1.15.3",
        "express-validator": "^3.2.0",
        "method-override": "^2.3.9",
        "mysql": "^2.13.0"
      }
    },
    "node_modules/@popperjs/core": {
      "version": "2.11.6",
      "resolved": "https://registry.npmjs.org/@popperjs/core/-/core-2.11.6.tgz",
      "integrity": "sha512-50/17A98tWUfQ176raKiOGXuYpLyyVMkxxG6oylzL3BPOlA6ADGdK7EYunSa4I064xerltq9TGXs8HmOk5E+vw==",
      "peer": true,
      "funding": {
        "type": "opencollective",
        "url": "https://opencollective.com/popperjs"
      }
    },
    "node_modules/@types/bluebird": {
      "version": "3.0.37",
      "license": "MIT"
    },
    "node_modules/@types/express": {
      "version": "4.0.36",
      "license": "MIT",
      "dependencies": {
        "@types/express-serve-static-core": "*",
        "@types/serve-static": "*"
      }
    },
    "node_modules/@types/express-serve-static-core": {
      "version": "4.0.47",
      "license": "MIT",
      "dependencies": {
        "@types/node": "*"
      }
    },
    "node_modules/@types/mime": {
      "version": "1.3.0",
      "license": "MIT"
    },
    "node_modules/@types/node": {
      "version": "7.0.31",
      "license": "MIT"
    },
    "node_modules/@types/serve-static": {
      "version": "1.7.31",
      "license": "MIT",
      "dependencies": {
        "@types/express-serve-static-core": "*",
        "@types/mime": "*"
      }
    },
    "node_modules/accepts": {
      "version": "1.3.3",
      "license": "MIT",
      "dependencies": {
        "mime-types": "~2.1.11",
        "negotiator": "0.6.1"
      },
      "engines": {
        "node": ">= 0.6"
      }
    },
    "node_modules/array-flatten": {
      "version": "1.1.1",
      "license": "MIT"
    },
    "node_modules/bignumber.js": {
      "version": "3.1.2",
      "license": "MIT",
      "engines": {
        "node": "*"
      }
    },
    "node_modules/bluebird": {
      "version": "3.5.0",
      "license": "MIT"
    },
    "node_modules/body-parser": {
      "version": "1.17.2",
      "license": "MIT",
      "dependencies": {
        "bytes": "2.4.0",
        "content-type": "~1.0.2",
        "debug": "2.6.7",
        "depd": "~1.1.0",
        "http-errors": "~1.6.1",
        "iconv-lite": "0.4.15",
        "on-finished": "~2.3.0",
        "qs": "6.4.0",
        "raw-body": "~2.2.0",
        "type-is": "~1.6.15"
      },
      "engines": {
        "node": ">= 0.8"
      }
    },
    "node_modules/bootstrap": {
      "version": "5.2.2",
      "resolved": "https://registry.npmjs.org/bootstrap/-/bootstrap-5.2.2.tgz",
      "integrity": "sha512-dEtzMTV71n6Fhmbg4fYJzQsw1N29hJKO1js5ackCgIpDcGid2ETMGC6zwSYw09v05Y+oRdQ9loC54zB1La3hHQ==",
      "funding": [
        {
          "type": "github",
          "url": "https://github.com/sponsors/twbs"
        },
        {
          "type": "opencollective",
          "url": "https://opencollective.com/bootstrap"
        }
      ],
      "peerDependencies": {
        "@popperjs/core": "^2.11.6"
      }
    },
    "node_modules/bytes": {
      "version": "2.4.0",
      "license": "MIT"
    },
    "node_modules/connect-flash": {
      "version": "0.1.1",
      "engines": {
        "node": ">= 0.4.0"
      }
    },
    "node_modules/content-disposition": {
      "version": "0.5.2",
      "license": "MIT",
      "engines": {
        "node": ">= 0.6"
      }
    },
    "node_modules/content-type": {
      "version": "1.0.2",
      "license": "MIT",
      "engines": {
        "node": ">= 0.6"
      }
    },
    "node_modules/cookie": {
      "version": "0.3.1",
      "license": "MIT",
      "engines": {
        "node": ">= 0.6"
      }
    },
    "node_modules/cookie-parser": {
      "version": "1.4.3",
      "license": "MIT",
      "dependencies": {
        "cookie": "0.3.1",
        "cookie-signature": "1.0.6"
      },
      "engines": {
        "node": ">= 0.8.0"
      }
    },
    "node_modules/cookie-signature": {
      "version": "1.0.6",
      "license": "MIT"
    },
    "node_modules/core-util-is": {
      "version": "1.0.2",
      "license": "MIT"
    },
    "node_modules/crc": {
      "version": "3.4.4",
      "license": "MIT"
    },
    "node_modules/debug": {
      "version": "2.6.7",
      "license": "MIT",
      "dependencies": {
        "ms": "2.0.0"
      }
    },
    "node_modules/depd": {
      "version": "1.1.0",
      "license": "MIT",
      "engines": {
        "node": ">= 0.6"
      }
    },
    "node_modules/destroy": {
      "version": "1.0.4",
      "license": "MIT"
    },
    "node_modules/ee-first": {
      "version": "1.1.1",
      "license": "MIT"
    },
    "node_modules/ejs": {
      "version": "2.5.6",
      "license": "Apache-2.0",
      "engines": {
        "node": ">=0.10.0"
      }
    },
    "node_modules/encodeurl": {
      "version": "1.0.1",
      "license": "MIT",
      "engines": {
        "node": ">= 0.8"
      }
    },
    "node_modules/escape-html": {
      "version": "1.0.3",
      "license": "MIT"
    },
    "node_modules/etag": {
      "version": "1.8.0",
      "license": "MIT",
      "engines": {
        "node": ">= 0.6"
      }
    },
    "node_modules/express": {
      "version": "4.15.3",
      "license": "MIT",
      "dependencies": {
        "accepts": "~1.3.3",
        "array-flatten": "1.1.1",
        "content-disposition": "0.5.2",
        "content-type": "~1.0.2",
        "cookie": "0.3.1",
        "cookie-signature": "1.0.6",
        "debug": "2.6.7",
        "depd": "~1.1.0",
        "encodeurl": "~1.0.1",
        "escape-html": "~1.0.3",
        "etag": "~1.8.0",
        "finalhandler": "~1.0.3",
        "fresh": "0.5.0",
        "merge-descriptors": "1.0.1",
        "methods": "~1.1.2",
        "on-finished": "~2.3.0",
        "parseurl": "~1.3.1",
        "path-to-regexp": "0.1.7",
        "proxy-addr": "~1.1.4",
        "qs": "6.4.0",
        "range-parser": "~1.2.0",
        "send": "0.15.3",
        "serve-static": "1.12.3",
        "setprototypeof": "1.0.3",
        "statuses": "~1.3.1",
        "type-is": "~1.6.15",
        "utils-merge": "1.0.0",
        "vary": "~1.1.1"
      },
      "engines": {
        "node": ">= 0.10.0"
      }
    },
    "node_modules/express-flash": {
      "version": "0.0.2",
      "dependencies": {
        "connect-flash": "0.1.x"
      },
      "engines": {
        "node": ">= 0.8.0"
      }
    },
    "node_modules/express-myconnection": {
      "version": "1.0.4",
      "license": "MIT"
    },
    "node_modules/express-session": {
      "version": "1.15.3",
      "license": "MIT",
      "dependencies": {
        "cookie": "0.3.1",
        "cookie-signature": "1.0.6",
        "crc": "3.4.4",
        "debug": "2.6.7",
        "depd": "~1.1.0",
        "on-headers": "~1.0.1",
        "parseurl": "~1.3.1",
        "uid-safe": "~2.1.4",
        "utils-merge": "1.0.0"
      },
      "engines": {
        "node": ">= 0.8.0"
      }
    },
    "node_modules/express-validator": {
      "version": "3.2.0",
      "license": "MIT",
      "dependencies": {
        "@types/bluebird": "~3.0.36",
        "@types/express": "~4.0.34",
        "bluebird": "^3.4.0",
        "lodash": "^4.16.0",
        "validator": "~6.2.0"
      },
      "engines": {
        "node": ">= 0.10"
      }
    },
    "node_modules/finalhandler": {
      "version": "1.0.3",
      "license": "MIT",
      "dependencies": {
        "debug": "2.6.7",
        "encodeurl": "~1.0.1",
        "escape-html": "~1.0.3",
        "on-finished": "~2.3.0",
        "parseurl": "~1.3.1",
        "statuses": "~1.3.1",
        "unpipe": "~1.0.0"
      },
      "engines": {
        "node": ">= 0.8"
      }
    },
    "node_modules/forwarded": {
      "version": "0.1.0",
      "license": "MIT",
      "engines": {
        "node": ">= 0.6"
      }
    },
    "node_modules/fresh": {
      "version": "0.5.0",
      "license": "MIT",
      "engines": {
        "node": ">= 0.6"
      }
    },
    "node_modules/http-errors": {
      "version": "1.6.1",
      "license": "MIT",
      "dependencies": {
        "depd": "1.1.0",
        "inherits": "2.0.3",
        "setprototypeof": "1.0.3",
        "statuses": ">= 1.3.1 < 2"
      },
      "engines": {
        "node": ">= 0.6"
      }
    },
    "node_modules/iconv-lite": {
      "version": "0.4.15",
      "license": "MIT",
      "engines": {
        "node": ">=0.10.0"
      }
    },
    "node_modules/inherits": {
      "version": "2.0.3",
      "license": "ISC"
    },
    "node_modules/ipaddr.js": {
      "version": "1.3.0",
      "license": "MIT",
      "engines": {
        "node": ">= 0.10"
      }
    },
    "node_modules/isarray": {
      "version": "0.0.1",
      "license": "MIT"
    },
    "node_modules/lodash": {
      "version": "4.17.4",
      "license": "MIT"
    },
    "node_modules/media-typer": {
      "version": "0.3.0",
      "license": "MIT",
      "engines": {
        "node": ">= 0.6"
      }
    },
    "node_modules/merge-descriptors": {
      "version": "1.0.1",
      "license": "MIT"
    },
    "node_modules/method-override": {
      "version": "2.3.9",
      "license": "MIT",
      "dependencies": {
        "debug": "2.6.8",
        "methods": "~1.1.2",
        "parseurl": "~1.3.1",
        "vary": "~1.1.1"
      },
      "engines": {
        "node": ">= 0.8.0"
      }
    },
    "node_modules/method-override/node_modules/debug": {
      "version": "2.6.8",
      "license": "MIT",
      "dependencies": {
        "ms": "2.0.0"
      }
    },
    "node_modules/methods": {
      "version": "1.1.2",
      "license": "MIT",
      "engines": {
        "node": ">= 0.6"
      }
    },
    "node_modules/mime": {
      "version": "1.3.4",
      "bin": {
        "mime": "cli.js"
      }
    },
    "node_modules/mime-db": {
      "version": "1.27.0",
      "license": "MIT",
      "engines": {
        "node": ">= 0.6"
      }
    },
    "node_modules/mime-types": {
      "version": "2.1.15",
      "license": "MIT",
      "dependencies": {
        "mime-db": "~1.27.0"
      },
      "engines": {
        "node": ">= 0.6"
      }
    },
    "node_modules/ms": {
      "version": "2.0.0",
      "license": "MIT"
    },
    "node_modules/mysql": {
      "version": "2.13.0",
      "license": "MIT",
      "dependencies": {
        "bignumber.js": "3.1.2",
        "readable-stream": "1.1.14",
        "sqlstring": "2.2.0"
      },
      "engines": {
        "node": ">= 0.6"
      }
    },
    "node_modules/negotiator": {
      "version": "0.6.1",
      "license": "MIT",
      "engines": {
        "node": ">= 0.6"
      }
    },
    "node_modules/on-finished": {
      "version": "2.3.0",
      "license": "MIT",
      "dependencies": {
        "ee-first": "1.1.1"
      },
      "engines": {
        "node": ">= 0.8"
      }
    },
    "node_modules/on-headers": {
      "version": "1.0.1",
      "license": "MIT",
      "engines": {
        "node": ">= 0.8"
      }
    },
    "node_modules/parseurl": {
      "version": "1.3.1",
      "license": "MIT",
      "engines": {
        "node": ">= 0.8"
      }
    },
    "node_modules/path-to-regexp": {
      "version": "0.1.7",
      "license": "MIT"
    },
    "node_modules/proxy-addr": {
      "version": "1.1.4",
      "license": "MIT",
      "dependencies": {
        "forwarded": "~0.1.0",
        "ipaddr.js": "1.3.0"
      },
      "engines": {
        "node": ">= 0.6"
      }
    },
    "node_modules/qs": {
      "version": "6.4.0",
      "license": "BSD-3-Clause",
      "engines": {
        "node": ">=0.6"
      }
    },
    "node_modules/random-bytes": {
      "version": "1.0.0",
      "license": "MIT",
      "engines": {
        "node": ">= 0.8"
      }
    },
    "node_modules/range-parser": {
      "version": "1.2.0",
      "license": "MIT",
      "engines": {
        "node": ">= 0.6"
      }
    },
    "node_modules/raw-body": {
      "version": "2.2.0",
      "license": "MIT",
      "dependencies": {
        "bytes": "2.4.0",
        "iconv-lite": "0.4.15",
        "unpipe": "1.0.0"
      },
      "engines": {
        "node": ">= 0.8"
      }
    },
    "node_modules/readable-stream": {
      "version": "1.1.14",
      "license": "MIT",
      "dependencies": {
        "core-util-is": "~1.0.0",
        "inherits": "~2.0.1",
        "isarray": "0.0.1",
        "string_decoder": "~0.10.x"
      }
    },
    "node_modules/send": {
      "version": "0.15.3",
      "license": "MIT",
      "dependencies": {
        "debug": "2.6.7",
        "depd": "~1.1.0",
        "destroy": "~1.0.4",
        "encodeurl": "~1.0.1",
        "escape-html": "~1.0.3",
        "etag": "~1.8.0",
        "fresh": "0.5.0",
        "http-errors": "~1.6.1",
        "mime": "1.3.4",
        "ms": "2.0.0",
        "on-finished": "~2.3.0",
        "range-parser": "~1.2.0",
        "statuses": "~1.3.1"
      },
      "engines": {
        "node": ">= 0.8.0"
      }
    },
    "node_modules/serve-static": {
      "version": "1.12.3",
      "license": "MIT",
      "dependencies": {
        "encodeurl": "~1.0.1",
        "escape-html": "~1.0.3",
        "parseurl": "~1.3.1",
        "send": "0.15.3"
      },
      "engines": {
        "node": ">= 0.8.0"
      }
    },
    "node_modules/setprototypeof": {
      "version": "1.0.3",
      "license": "ISC"
    },
    "node_modules/sqlstring": {
      "version": "2.2.0",
      "license": "MIT",
      "engines": {
        "node": ">= 0.6"
      }
    },
    "node_modules/statuses": {
      "version": "1.3.1",
      "license": "MIT",
      "engines": {
        "node": ">= 0.6"
      }
    },
    "node_modules/string_decoder": {
      "version": "0.10.31",
      "license": "MIT"
    },
    "node_modules/type-is": {
      "version": "1.6.15",
      "license": "MIT",
      "dependencies": {
        "media-typer": "0.3.0",
        "mime-types": "~2.1.15"
      },
      "engines": {
        "node": ">= 0.6"
      }
    },
    "node_modules/uid-safe": {
      "version": "2.1.4",
      "license": "MIT",
      "dependencies": {
        "random-bytes": "~1.0.0"
      },
      "engines": {
        "node": ">= 0.8"
      }
    },
    "node_modules/unpipe": {
      "version": "1.0.0",
      "license": "MIT",
      "engines": {
        "node": ">= 0.8"
      }
    },
    "node_modules/utils-merge": {
      "version": "1.0.0",
      "engines": {
        "node": ">= 0.4.0"
      }
    },
    "node_modules/validator": {
      "version": "6.2.1",
      "license": "MIT",
      "engines": {
        "node": ">= 0.10"
      }
    },
    "node_modules/vary": {
      "version": "1.1.1",
      "license": "MIT",
      "engines": {
        "node": ">= 0.8"
      }
    }
  },
  "dependencies": {
    "@popperjs/core": {
      "version": "2.11.6",
      "resolved": "https://registry.npmjs.org/@popperjs/core/-/core-2.11.6.tgz",
      "integrity": "sha512-50/17A98tWUfQ176raKiOGXuYpLyyVMkxxG6oylzL3BPOlA6ADGdK7EYunSa4I064xerltq9TGXs8HmOk5E+vw==",
      "peer": true
    },
    "@types/bluebird": {
      "version": "3.0.37"
    },
    "@types/express": {
      "version": "4.0.36",
      "requires": {
        "@types/express-serve-static-core": "*",
        "@types/serve-static": "*"
      }
    },
    "@types/express-serve-static-core": {
      "version": "4.0.47",
      "requires": {
        "@types/node": "*"
      }
    },
    "@types/mime": {
      "version": "1.3.0"
    },
    "@types/node": {
      "version": "7.0.31"
    },
    "@types/serve-static": {
      "version": "1.7.31",
      "requires": {
        "@types/express-serve-static-core": "*",
        "@types/mime": "*"
      }
    },
    "accepts": {
      "version": "1.3.3",
      "requires": {
        "mime-types": "~2.1.11",
        "negotiator": "0.6.1"
      }
    },
    "array-flatten": {
      "version": "1.1.1"
    },
    "bignumber.js": {
      "version": "3.1.2"
    },
    "bluebird": {
      "version": "3.5.0"
    },
    "body-parser": {
      "version": "1.17.2",
      "requires": {
        "bytes": "2.4.0",
        "content-type": "~1.0.2",
        "debug": "2.6.7",
        "depd": "~1.1.0",
        "http-errors": "~1.6.1",
        "iconv-lite": "0.4.15",
        "on-finished": "~2.3.0",
        "qs": "6.4.0",
        "raw-body": "~2.2.0",
        "type-is": "~1.6.15"
      }
    },
    "bootstrap": {
      "version": "5.2.2",
      "resolved": "https://registry.npmjs.org/bootstrap/-/bootstrap-5.2.2.tgz",
      "integrity": "sha512-dEtzMTV71n6Fhmbg4fYJzQsw1N29hJKO1js5ackCgIpDcGid2ETMGC6zwSYw09v05Y+oRdQ9loC54zB1La3hHQ==",
      "requires": {}
    },
    "bytes": {
      "version": "2.4.0"
    },
    "connect-flash": {
      "version": "0.1.1"
    },
    "content-disposition": {
      "version": "0.5.2"
    },
    "content-type": {
      "version": "1.0.2"
    },
    "cookie": {
      "version": "0.3.1"
    },
    "cookie-parser": {
      "version": "1.4.3",
      "requires": {
        "cookie": "0.3.1",
        "cookie-signature": "1.0.6"
      }
    },
    "cookie-signature": {
      "version": "1.0.6"
    },
    "core-util-is": {
      "version": "1.0.2"
    },
    "crc": {
      "version": "3.4.4"
    },
    "debug": {
      "version": "2.6.7",
      "requires": {
        "ms": "2.0.0"
      }
    },
    "depd": {
      "version": "1.1.0"
    },
    "destroy": {
      "version": "1.0.4"
    },
    "ee-first": {
      "version": "1.1.1"
    },
    "ejs": {
      "version": "2.5.6"
    },
    "encodeurl": {
      "version": "1.0.1"
    },
    "escape-html": {
      "version": "1.0.3"
    },
    "etag": {
      "version": "1.8.0"
    },
    "express": {
      "version": "4.15.3",
      "requires": {
        "accepts": "~1.3.3",
        "array-flatten": "1.1.1",
        "content-disposition": "0.5.2",
        "content-type": "~1.0.2",
        "cookie": "0.3.1",
        "cookie-signature": "1.0.6",
        "debug": "2.6.7",
        "depd": "~1.1.0",
        "encodeurl": "~1.0.1",
        "escape-html": "~1.0.3",
        "etag": "~1.8.0",
        "finalhandler": "~1.0.3",
        "fresh": "0.5.0",
        "merge-descriptors": "1.0.1",
        "methods": "~1.1.2",
        "on-finished": "~2.3.0",
        "parseurl": "~1.3.1",
        "path-to-regexp": "0.1.7",
        "proxy-addr": "~1.1.4",
        "qs": "6.4.0",
        "range-parser": "~1.2.0",
        "send": "0.15.3",
        "serve-static": "1.12.3",
        "setprototypeof": "1.0.3",
        "statuses": "~1.3.1",
        "type-is": "~1.6.15",
        "utils-merge": "1.0.0",
        "vary": "~1.1.1"
      }
    },
    "express-flash": {
      "version": "0.0.2",
      "requires": {
        "connect-flash": "0.1.x"
      }
    },
    "express-myconnection": {
      "version": "1.0.4"
    },
    "express-session": {
      "version": "1.15.3",
      "requires": {
        "cookie": "0.3.1",
        "cookie-signature": "1.0.6",
        "crc": "3.4.4",
        "debug": "2.6.7",
        "depd": "~1.1.0",
        "on-headers": "~1.0.1",
        "parseurl": "~1.3.1",
        "uid-safe": "~2.1.4",
        "utils-merge": "1.0.0"
      }
    },
    "express-validator": {
      "version": "3.2.0",
      "requires": {
        "@types/bluebird": "~3.0.36",
        "@types/express": "~4.0.34",
        "bluebird": "^3.4.0",
        "lodash": "^4.16.0",
        "validator": "~6.2.0"
      }
    },
    "finalhandler": {
      "version": "1.0.3",
      "requires": {
        "debug": "2.6.7",
        "encodeurl": "~1.0.1",
        "escape-html": "~1.0.3",
        "on-finished": "~2.3.0",
        "parseurl": "~1.3.1",
        "statuses": "~1.3.1",
        "unpipe": "~1.0.0"
      }
    },
    "forwarded": {
      "version": "0.1.0"
    },
    "fresh": {
      "version": "0.5.0"
    },
    "http-errors": {
      "version": "1.6.1",
      "requires": {
        "depd": "1.1.0",
        "inherits": "2.0.3",
        "setprototypeof": "1.0.3",
        "statuses": ">= 1.3.1 < 2"
      }
    },
    "iconv-lite": {
      "version": "0.4.15"
    },
    "inherits": {
      "version": "2.0.3"
    },
    "ipaddr.js": {
      "version": "1.3.0"
    },
    "isarray": {
      "version": "0.0.1"
    },
    "lodash": {
      "version": "4.17.4"
    },
    "media-typer": {
      "version": "0.3.0"
    },
    "merge-descriptors": {
      "version": "1.0.1"
    },
    "method-override": {
      "version": "2.3.9",
      "requires": {
        "debug": "2.6.8",
        "methods": "~1.1.2",
        "parseurl": "~1.3.1",
        "vary": "~1.1.1"
      },
      "dependencies": {
        "debug": {
          "version": "2.6.8",
          "requires": {
            "ms": "2.0.0"
          }
        }
      }
    },
    "methods": {
      "version": "1.1.2"
    },
    "mime": {
      "version": "1.3.4"
    },
    "mime-db": {
      "version": "1.27.0"
    },
    "mime-types": {
      "version": "2.1.15",
      "requires": {
        "mime-db": "~1.27.0"
      }
    },
    "ms": {
      "version": "2.0.0"
    },
    "mysql": {
      "version": "2.13.0",
      "requires": {
        "bignumber.js": "3.1.2",
        "readable-stream": "1.1.14",
        "sqlstring": "2.2.0"
      }
    },
    "negotiator": {
      "version": "0.6.1"
    },
    "on-finished": {
      "version": "2.3.0",
      "requires": {
        "ee-first": "1.1.1"
      }
    },
    "on-headers": {
      "version": "1.0.1"
    },
    "parseurl": {
      "version": "1.3.1"
    },
    "path-to-regexp": {
      "version": "0.1.7"
    },
    "proxy-addr": {
      "version": "1.1.4",
      "requires": {
        "forwarded": "~0.1.0",
        "ipaddr.js": "1.3.0"
      }
    },
    "qs": {
      "version": "6.4.0"
    },
    "random-bytes": {
      "version": "1.0.0"
    },
    "range-parser": {
      "version": "1.2.0"
    },
    "raw-body": {
      "version": "2.2.0",
      "requires": {
        "bytes": "2.4.0",
        "iconv-lite": "0.4.15",
        "unpipe": "1.0.0"
      }
    },
    "readable-stream": {
      "version": "1.1.14",
      "requires": {
        "core-util-is": "~1.0.0",
        "inherits": "~2.0.1",
        "isarray": "0.0.1",
        "string_decoder": "~0.10.x"
      }
    },
    "send": {
      "version": "0.15.3",
      "requires": {
        "debug": "2.6.7",
        "depd": "~1.1.0",
        "destroy": "~1.0.4",
        "encodeurl": "~1.0.1",
        "escape-html": "~1.0.3",
        "etag": "~1.8.0",
        "fresh": "0.5.0",
        "http-errors": "~1.6.1",
        "mime": "1.3.4",
        "ms": "2.0.0",
        "on-finished": "~2.3.0",
        "range-parser": "~1.2.0",
        "statuses": "~1.3.1"
      }
    },
    "serve-static": {
      "version": "1.12.3",
      "requires": {
        "encodeurl": "~1.0.1",
        "escape-html": "~1.0.3",
        "parseurl": "~1.3.1",
        "send": "0.15.3"
      }
    },
    "setprototypeof": {
      "version": "1.0.3"
    },
    "sqlstring": {
      "version": "2.2.0"
    },
    "statuses": {
      "version": "1.3.1"
    },
    "string_decoder": {
      "version": "0.10.31"
    },
    "type-is": {
      "version": "1.6.15",
      "requires": {
        "media-typer": "0.3.0",
        "mime-types": "~2.1.15"
      }
    },
    "uid-safe": {
      "version": "2.1.4",
      "requires": {
        "random-bytes": "~1.0.0"
      }
    },
    "unpipe": {
      "version": "1.0.0"
    },
    "utils-merge": {
      "version": "1.0.0"
    },
    "validator": {
      "version": "6.2.1"
    },
    "vary": {
      "version": "1.1.1"
    }
  }
}
